{
    "_meta": {
        "hash": {
            "sha256": "7f8a071e27358a1a9d37ee2a55bc3860791023af2e9f7791573669df8195422d"
        },
        "pipfile-spec": 6,
        "requires": {
            "python_version": "3.8"
        },
        "sources": [
            {
                "name": "pypi",
                "url": "https://pypi.org/simple",
                "verify_ssl": true
            }
        ]
    },
    "default": {
        "asgiref": {
            "hashes": [
                "sha256:1d2880b792ae8757289136f1db2b7b99100ce959b2aa57fd69dab783d05afac4",
                "sha256:4a29362a6acebe09bf1d6640db38c1dc3d9217c68e6f9f6204d72667fc19a424"
            ],
            "markers": "python_version >= '3.7'",
            "version": "==3.5.2"
        },
        "django": {
            "hashes": [
                "sha256:677182ba8b5b285a4e072f3ac17ceee6aff1b5ce77fd173cc5b6a2d3dc022fcf",
                "sha256:a8681e098fa60f7c33a4b628d6fcd3fe983a0939ff1301ecacac21d0b38bad56"
            ],
            "index": "pypi",
            "version": "==3.2.14"
        },
        "django-ckeditor": {
            "hashes": [
                "sha256:29fd1a333cb9741ac2c3fd4e427a5c00115ed33a2389716a09af7656022dcdde",
                "sha256:cc2d377f1bdcd4ca1540caeebe85f7e2cd006198d57328ef6c718d3eaa5a0846"
            ],
            "index": "pypi",
            "version": "==6.0.0"
        },
        "django-js-asset": {
            "hashes": [
                "sha256:86f9f300d682537ddaf0487dc2ab356581b8f50c069bdba91d334a46e449f923",
                "sha256:adc1ee1efa853fad42054b540c02205344bb406c9bddf87c9e5377a41b7db90f"
            ],
            "markers": "python_version >= '3.6'",
            "version": "==2.0.0"
        },
        "django-xworkflows": {
            "hashes": [
                "sha256:b233b5244fb864f95ba935bd3f2214c55600db6294dbca544a6f9eb14918fb06",
                "sha256:dc7c68e786b5392abf556f6dcd7182e947f77d1a964043868d4d8615fdd760e4"
            ],
            "index": "pypi",
            "version": "==1.0.0"
        },
        "pytz": {
            "hashes": [
                "sha256:1e760e2fe6a8163bc0b3d9a19c4f84342afa0a2affebfaa84b01b978a02ecaa7",
                "sha256:e68985985296d9a66a881eb3193b0906246245294a881e7c8afe623866ac6a5c"
            ],
            "version": "==2022.1"
        },
        "sqlparse": {
            "hashes": [
                "sha256:0c00730c74263a94e5a9919ade150dfc3b19c574389985446148402998287dae",
                "sha256:48719e356bb8b42991bdbb1e8b83223757b93789c00910a616a071910ca4a64d"
            ],
            "markers": "python_version >= '3.5'",
            "version": "==0.4.2"
        },
        "xworkflows": {
            "hashes": [
                "sha256:8e3a9f6e9de6bcd779335f2ce4f87445ad8047771be9c6c96e347fb8622e2f27",
                "sha256:943571904066e03946016c5710cfea97847c1931c2e07bdd61827a01bce38d80"
            ],
            "markers": "python_version >= '2.7'",
            "version": "==1.1.0"
        }
    },
    "develop": {}
}
